
Microsoft Visual Studio Solution File, Format Version 12.00
# Visual Studio Version 16
VisualStudioVersion = 16.0.29613.14
MinimumVisualStudioVersion = 10.0.40219.1
Project("{FAE04EC0-301F-11D3-BF4B-00C04F79EFBC}") = "ServiciosWebPruebas", "ServiciosWebPruebas.csproj", "{09D70C05-920B-4EC8-A39D-CAB79C13F548}"
EndProject
Global
	GlobalSection(SolutionConfigurationPlatforms) = preSolution
		Debug|Any CPU = Debug|Any CPU
		Release|Any CPU = Release|Any CPU
	EndGlobalSection
	GlobalSection(ProjectConfigurationPlatforms) = postSolution
		{09D70C05-920B-4EC8-A39D-CAB79C13F548}.Debug|Any CPU.ActiveCfg = Debug|Any CPU
		{09D70C05-920B-4EC8-A39D-CAB79C13F548}.Debug|Any CPU.Build.0 = Debug|Any CPU
		{09D70C05-920B-4EC8-A39D-CAB79C13F548}.Release|Any CPU.ActiveCfg = Release|Any CPU
		{09D70C05-920B-4EC8-A39D-CAB79C13F548}.Release|Any CPU.Build.0 = Release|Any CPU
	EndGlobalSection
	GlobalSection(SolutionProperties) = preSolution
		HideSolutionNode = FALSE
	EndGlobalSection
	GlobalSection(ExtensibilityGlobals) = postSolution
		SolutionGuid = {5DB63C81-FDE4-414D-BD83-D902B4A6F896}
	EndGlobalSection
EndGlobal
